// !$*UTF8*$!
{
	archiveVersion = 1;
	classes = {
	};
	objectVersion = 46;
	objects = {

/* Begin PBXBuildFile section */
		5548777D1A895F32005DE731 /* main.m in Sources */ = {isa = PBXBuildFile; fileRef = 5548777C1A895F32005DE731 /* main.m */; };
		554877801A895F32005DE731 /* AppDelegate.m in Sources */ = {isa = PBXBuildFile; fileRef = 5548777F1A895F32005DE731 /* AppDelegate.m */; };
		554877831A895F32005DE731 /* hotel_fellows.xcdatamodeld in Sources */ = {isa = PBXBuildFile; fileRef = 554877811A895F32005DE731 /* hotel_fellows.xcdatamodeld */; };
		554877891A895F32005DE731 /* Main.storyboard in Resources */ = {isa = PBXBuildFile; fileRef = 554877871A895F32005DE731 /* Main.storyboard */; };
		5548778B1A895F32005DE731 /* Images.xcassets in Resources */ = {isa = PBXBuildFile; fileRef = 5548778A1A895F32005DE731 /* Images.xcassets */; };
		5548778E1A895F32005DE731 /* LaunchScreen.xib in Resources */ = {isa = PBXBuildFile; fileRef = 5548778C1A895F32005DE731 /* LaunchScreen.xib */; };
		5548779A1A895F33005DE731 /* hotel_fellowsTests.m in Sources */ = {isa = PBXBuildFile; fileRef = 554877991A895F33005DE731 /* hotel_fellowsTests.m */; };
		554877A51A8965F8005DE731 /* Room.m in Sources */ = {isa = PBXBuildFile; fileRef = 554877A41A8965F8005DE731 /* Room.m */; };
		554877A81A8965F8005DE731 /* Hotel.m in Sources */ = {isa = PBXBuildFile; fileRef = 554877A71A8965F8005DE731 /* Hotel.m */; };
		554877AB1A8965F8005DE731 /* Guest.m in Sources */ = {isa = PBXBuildFile; fileRef = 554877AA1A8965F8005DE731 /* Guest.m */; };
		554877AE1A8965F8005DE731 /* Reservation.m in Sources */ = {isa = PBXBuildFile; fileRef = 554877AD1A8965F8005DE731 /* Reservation.m */; };
		554877B11A896B00005DE731 /* HotelListViewController.m in Sources */ = {isa = PBXBuildFile; fileRef = 554877B01A896B00005DE731 /* HotelListViewController.m */; };
		554877B31A896BC0005DE731 /* seed.json in Resources */ = {isa = PBXBuildFile; fileRef = 554877B21A896BC0005DE731 /* seed.json */; };
		554877B61A896C63005DE731 /* MenuTableViewController.m in Sources */ = {isa = PBXBuildFile; fileRef = 554877B51A896C63005DE731 /* MenuTableViewController.m */; };
		554877BC1A897D9F005DE731 /* RoomListViewController.m in Sources */ = {isa = PBXBuildFile; fileRef = 554877BB1A897D9F005DE731 /* RoomListViewController.m */; };
		559198051A917F74007F463A /* CoreDataStack in Resources */ = {isa = PBXBuildFile; fileRef = 559198041A917F74007F463A /* CoreDataStack */; };
		55D19DCC1A8C42DB00FCE30A /* ReservationListViewController.m in Sources */ = {isa = PBXBuildFile; fileRef = 55D19DCB1A8C42DB00FCE30A /* ReservationListViewController.m */; };
		55D19DCF1A8C42EB00FCE30A /* MakeReservationViewController.m in Sources */ = {isa = PBXBuildFile; fileRef = 55D19DCE1A8C42EB00FCE30A /* MakeReservationViewController.m */; };
		55D19DD21A8C42F800FCE30A /* CheckAvailableViewController.m in Sources */ = {isa = PBXBuildFile; fileRef = 55D19DD11A8C42F800FCE30A /* CheckAvailableViewController.m */; };
		55D19DD51A8C5ED600FCE30A /* CoreDataStack.m in Sources */ = {isa = PBXBuildFile; fileRef = 55D19DD41A8C5ED600FCE30A /* CoreDataStack.m */; };
		55D19DD81A8C7E5400FCE30A /* HotelService.m in Sources */ = {isa = PBXBuildFile; fileRef = 55D19DD71A8C7E5400FCE30A /* HotelService.m */; };
/* End PBXBuildFile section */

/* Begin PBXContainerItemProxy section */
		554877941A895F32005DE731 /* PBXContainerItemProxy */ = {
			isa = PBXContainerItemProxy;
			containerPortal = 5548776F1A895F32005DE731 /* Project object */;
			proxyType = 1;
			remoteGlobalIDString = 554877761A895F32005DE731;
			remoteInfo = hotel_fellows;
		};
/* End PBXContainerItemProxy section */

/* Begin PBXFileReference section */
		554877771A895F32005DE731 /* hotel_fellows.app */ = {isa = PBXFileReference; explicitFileType = wrapper.application; includeInIndex = 0; path = hotel_fellows.app; sourceTree = BUILT_PRODUCTS_DIR; };
		5548777B1A895F32005DE731 /* Info.plist */ = {isa = PBXFileReference; lastKnownFileType = text.plist.xml; path = Info.plist; sourceTree = "<group>"; };
		5548777C1A895F32005DE731 /* main.m */ = {isa = PBXFileReference; lastKnownFileType = sourcecode.c.objc; path = main.m; sourceTree = "<group>"; };
		5548777E1A895F32005DE731 /* AppDelegate.h */ = {isa = PBXFileReference; lastKnownFileType = sourcecode.c.h; path = AppDelegate.h; sourceTree = "<group>"; };
		5548777F1A895F32005DE731 /* AppDelegate.m */ = {isa = PBXFileReference; lastKnownFileType = sourcecode.c.objc; path = AppDelegate.m; sourceTree = "<group>"; };
		554877821A895F32005DE731 /* hotel_fellows.xcdatamodel */ = {isa = PBXFileReference; lastKnownFileType = wrapper.xcdatamodel; path = hotel_fellows.xcdatamodel; sourceTree = "<group>"; };
		554877881A895F32005DE731 /* Base */ = {isa = PBXFileReference; lastKnownFileType = file.storyboard; name = Base; path = Base.lproj/Main.storyboard; sourceTree = "<group>"; };
		5548778A1A895F32005DE731 /* Images.xcassets */ = {isa = PBXFileReference; lastKnownFileType = folder.assetcatalog; path = Images.xcassets; sourceTree = "<group>"; };
		5548778D1A895F32005DE731 /* Base */ = {isa = PBXFileReference; lastKnownFileType = file.xib; name = Base; path = Base.lproj/LaunchScreen.xib; sourceTree = "<group>"; };
		554877931A895F32005DE731 /* hotel_fellowsTests.xctest */ = {isa = PBXFileReference; explicitFileType = wrapper.cfbundle; includeInIndex = 0; path = hotel_fellowsTests.xctest; sourceTree = BUILT_PRODUCTS_DIR; };
		554877981A895F33005DE731 /* Info.plist */ = {isa = PBXFileReference; lastKnownFileType = text.plist.xml; path = Info.plist; sourceTree = "<group>"; };
		554877991A895F33005DE731 /* hotel_fellowsTests.m */ = {isa = PBXFileReference; lastKnownFileType = sourcecode.c.objc; path = hotel_fellowsTests.m; sourceTree = "<group>"; };
		554877A31A8965F8005DE731 /* Room.h */ = {isa = PBXFileReference; fileEncoding = 4; lastKnownFileType = sourcecode.c.h; path = Room.h; sourceTree = "<group>"; };
		554877A41A8965F8005DE731 /* Room.m */ = {isa = PBXFileReference; fileEncoding = 4; lastKnownFileType = sourcecode.c.objc; path = Room.m; sourceTree = "<group>"; };
		554877A61A8965F8005DE731 /* Hotel.h */ = {isa = PBXFileReference; fileEncoding = 4; lastKnownFileType = sourcecode.c.h; path = Hotel.h; sourceTree = "<group>"; };
		554877A71A8965F8005DE731 /* Hotel.m */ = {isa = PBXFileReference; fileEncoding = 4; lastKnownFileType = sourcecode.c.objc; path = Hotel.m; sourceTree = "<group>"; };
		554877A91A8965F8005DE731 /* Guest.h */ = {isa = PBXFileReference; fileEncoding = 4; lastKnownFileType = sourcecode.c.h; path = Guest.h; sourceTree = "<group>"; };
		554877AA1A8965F8005DE731 /* Guest.m */ = {isa = PBXFileReference; fileEncoding = 4; lastKnownFileType = sourcecode.c.objc; path = Guest.m; sourceTree = "<group>"; };
		554877AC1A8965F8005DE731 /* Reservation.h */ = {isa = PBXFileReference; fileEncoding = 4; lastKnownFileType = sourcecode.c.h; path = Reservation.h; sourceTree = "<group>"; };
		554877AD1A8965F8005DE731 /* Reservation.m */ = {isa = PBXFileReference; fileEncoding = 4; lastKnownFileType = sourcecode.c.objc; path = Reservation.m; sourceTree = "<group>"; };
		554877AF1A896B00005DE731 /* HotelListViewController.h */ = {isa = PBXFileReference; fileEncoding = 4; lastKnownFileType = sourcecode.c.h; path = HotelListViewController.h; sourceTree = "<group>"; };
		554877B01A896B00005DE731 /* HotelListViewController.m */ = {isa = PBXFileReference; fileEncoding = 4; lastKnownFileType = sourcecode.c.objc; path = HotelListViewController.m; sourceTree = "<group>"; };
		554877B21A896BC0005DE731 /* seed.json */ = {isa = PBXFileReference; fileEncoding = 4; lastKnownFileType = text.json; path = seed.json; sourceTree = "<group>"; };
		554877B41A896C63005DE731 /* MenuTableViewController.h */ = {isa = PBXFileReference; fileEncoding = 4; lastKnownFileType = sourcecode.c.h; path = MenuTableViewController.h; sourceTree = "<group>"; };
		554877B51A896C63005DE731 /* MenuTableViewController.m */ = {isa = PBXFileReference; fileEncoding = 4; lastKnownFileType = sourcecode.c.objc; path = MenuTableViewController.m; sourceTree = "<group>"; };
		554877BA1A897D9F005DE731 /* RoomListViewController.h */ = {isa = PBXFileReference; fileEncoding = 4; lastKnownFileType = sourcecode.c.h; path = RoomListViewController.h; sourceTree = "<group>"; };
		554877BB1A897D9F005DE731 /* RoomListViewController.m */ = {isa = PBXFileReference; fileEncoding = 4; lastKnownFileType = sourcecode.c.objc; path = RoomListViewController.m; sourceTree = "<group>"; };
		559198041A917F74007F463A /* CoreDataStack */ = {isa = PBXFileReference; fileEncoding = 4; lastKnownFileType = text; name = CoreDataStack; path = ../../../../../../../Desktop/CoreDataStack; sourceTree = "<group>"; };
		55D19DCA1A8C42DB00FCE30A /* ReservationListViewController.h */ = {isa = PBXFileReference; fileEncoding = 4; lastKnownFileType = sourcecode.c.h; path = ReservationListViewController.h; sourceTree = "<group>"; };
		55D19DCB1A8C42DB00FCE30A /* ReservationListViewController.m */ = {isa = PBXFileReference; fileEncoding = 4; lastKnownFileType = sourcecode.c.objc; path = ReservationListViewController.m; sourceTree = "<group>"; };
		55D19DCD1A8C42EB00FCE30A /* MakeReservationViewController.h */ = {isa = PBXFileReference; fileEncoding = 4; lastKnownFileType = sourcecode.c.h; path = MakeReservationViewController.h; sourceTree = "<group>"; };
		55D19DCE1A8C42EB00FCE30A /* MakeReservationViewController.m */ = {isa = PBXFileReference; fileEncoding = 4; lastKnownFileType = sourcecode.c.objc; path = MakeReservationViewController.m; sourceTree = "<group>"; };
		55D19DD01A8C42F800FCE30A /* CheckAvailableViewController.h */ = {isa = PBXFileReference; fileEncoding = 4; lastKnownFileType = sourcecode.c.h; path = CheckAvailableViewController.h; sourceTree = "<group>"; };
		55D19DD11A8C42F800FCE30A /* CheckAvailableViewController.m */ = {isa = PBXFileReference; fileEncoding = 4; lastKnownFileType = sourcecode.c.objc; path = CheckAvailableViewController.m; sourceTree = "<group>"; };
		55D19DD31A8C5ED600FCE30A /* CoreDataStack.h */ = {isa = PBXFileReference; fileEncoding = 4; lastKnownFileType = sourcecode.c.h; path = CoreDataStack.h; sourceTree = "<group>"; };
		55D19DD41A8C5ED600FCE30A /* CoreDataStack.m */ = {isa = PBXFileReference; fileEncoding = 4; lastKnownFileType = sourcecode.c.objc; path = CoreDataStack.m; sourceTree = "<group>"; };
		55D19DD61A8C7E5400FCE30A /* HotelService.h */ = {isa = PBXFileReference; fileEncoding = 4; lastKnownFileType = sourcecode.c.h; path = HotelService.h; sourceTree = "<group>"; };
		55D19DD71A8C7E5400FCE30A /* HotelService.m */ = {isa = PBXFileReference; fileEncoding = 4; lastKnownFileType = sourcecode.c.objc; path = HotelService.m; sourceTree = "<group>"; };
/* End PBXFileReference section */

/* Begin PBXFrameworksBuildPhase section */
		554877741A895F32005DE731 /* Frameworks */ = {
			isa = PBXFrameworksBuildPhase;
			buildActionMask = 2147483647;
			files = (
			);
			runOnlyForDeploymentPostprocessing = 0;
		};
		554877901A895F32005DE731 /* Frameworks */ = {
			isa = PBXFrameworksBuildPhase;
			buildActionMask = 2147483647;
			files = (
			);
			runOnlyForDeploymentPostprocessing = 0;
		};
/* End PBXFrameworksBuildPhase section */

/* Begin PBXGroup section */
		5548776E1A895F32005DE731 = {
			isa = PBXGroup;
			children = (
				554877791A895F32005DE731 /* hotel_fellows */,
				554877961A895F32005DE731 /* hotel_fellowsTests */,
				554877781A895F32005DE731 /* Products */,
			);
			sourceTree = "<group>";
		};
		554877781A895F32005DE731 /* Products */ = {
			isa = PBXGroup;
			children = (
				554877771A895F32005DE731 /* hotel_fellows.app */,
				554877931A895F32005DE731 /* hotel_fellowsTests.xctest */,
			);
			name = Products;
			sourceTree = "<group>";
		};
		554877791A895F32005DE731 /* hotel_fellows */ = {
			isa = PBXGroup;
			children = (
				554877B81A896CB6005DE731 /* Controller */,
				554877B91A896CD6005DE731 /* View */,
				554877B71A896CA0005DE731 /* Model */,
				5548777A1A895F32005DE731 /* Supporting Files */,
			);
			path = hotel_fellows;
			sourceTree = "<group>";
		};
		5548777A1A895F32005DE731 /* Supporting Files */ = {
			isa = PBXGroup;
			children = (
				5548777B1A895F32005DE731 /* Info.plist */,
				5548777C1A895F32005DE731 /* main.m */,
			);
			name = "Supporting Files";
			sourceTree = "<group>";
		};
		554877961A895F32005DE731 /* hotel_fellowsTests */ = {
			isa = PBXGroup;
			children = (
				554877991A895F33005DE731 /* hotel_fellowsTests.m */,
				554877971A895F33005DE731 /* Supporting Files */,
			);
			path = hotel_fellowsTests;
			sourceTree = "<group>";
		};
		554877971A895F33005DE731 /* Supporting Files */ = {
			isa = PBXGroup;
			children = (
				554877981A895F33005DE731 /* Info.plist */,
			);
			name = "Supporting Files";
			sourceTree = "<group>";
		};
		554877B71A896CA0005DE731 /* Model */ = {
			isa = PBXGroup;
			children = (
				554877B21A896BC0005DE731 /* seed.json */,
				554877811A895F32005DE731 /* hotel_fellows.xcdatamodeld */,
				554877AC1A8965F8005DE731 /* Reservation.h */,
				554877AD1A8965F8005DE731 /* Reservation.m */,
				554877A91A8965F8005DE731 /* Guest.h */,
				554877AA1A8965F8005DE731 /* Guest.m */,
				554877A61A8965F8005DE731 /* Hotel.h */,
				554877A71A8965F8005DE731 /* Hotel.m */,
				554877A31A8965F8005DE731 /* Room.h */,
				554877A41A8965F8005DE731 /* Room.m */,
			);
			name = Model;
			sourceTree = "<group>";
		};
		554877B81A896CB6005DE731 /* Controller */ = {
			isa = PBXGroup;
			children = (
				55D19DD61A8C7E5400FCE30A /* HotelService.h */,
				55D19DD71A8C7E5400FCE30A /* HotelService.m */,
				5548777E1A895F32005DE731 /* AppDelegate.h */,
				5548777F1A895F32005DE731 /* AppDelegate.m */,
				554877B41A896C63005DE731 /* MenuTableViewController.h */,
				554877B51A896C63005DE731 /* MenuTableViewController.m */,
				55D19DD31A8C5ED600FCE30A /* CoreDataStack.h */,
				55D19DD41A8C5ED600FCE30A /* CoreDataStack.m */,
				559198041A917F74007F463A /* CoreDataStack */,
				554877AF1A896B00005DE731 /* HotelListViewController.h */,
				554877B01A896B00005DE731 /* HotelListViewController.m */,
				554877BA1A897D9F005DE731 /* RoomListViewController.h */,
				554877BB1A897D9F005DE731 /* RoomListViewController.m */,
			);
			name = Controller;
			sourceTree = "<group>";
		};
		554877B91A896CD6005DE731 /* View */ = {
			isa = PBXGroup;
			children = (
				554877871A895F32005DE731 /* Main.storyboard */,
				55D19DCA1A8C42DB00FCE30A /* ReservationListViewController.h */,
				55D19DCB1A8C42DB00FCE30A /* ReservationListViewController.m */,
				55D19DCD1A8C42EB00FCE30A /* MakeReservationViewController.h */,
				55D19DCE1A8C42EB00FCE30A /* MakeReservationViewController.m */,
				55D19DD01A8C42F800FCE30A /* CheckAvailableViewController.h */,
				55D19DD11A8C42F800FCE30A /* CheckAvailableViewController.m */,
				5548778C1A895F32005DE731 /* LaunchScreen.xib */,
				5548778A1A895F32005DE731 /* Images.xcassets */,
			);
			name = View;
			sourceTree = "<group>";
		};
/* End PBXGroup section */

/* Begin PBXNativeTarget section */
		554877761A895F32005DE731 /* hotel_fellows */ = {
			isa = PBXNativeTarget;
			buildConfigurationList = 5548779D1A895F33005DE731 /* Build configuration list for PBXNativeTarget "hotel_fellows" */;
			buildPhases = (
				554877731A895F32005DE731 /* Sources */,
				554877741A895F32005DE731 /* Frameworks */,
				554877751A895F32005DE731 /* Resources */,
			);
			buildRules = (
			);
			dependencies = (
			);
			name = hotel_fellows;
			productName = hotel_fellows;
			productReference = 554877771A895F32005DE731 /* hotel_fellows.app */;
			productType = "com.apple.product-type.application";
		};
		554877921A895F32005DE731 /* hotel_fellowsTests */ = {
			isa = PBXNativeTarget;
			buildConfigurationList = 554877A01A895F33005DE731 /* Build configuration list for PBXNativeTarget "hotel_fellowsTests" */;
			buildPhases = (
				5548778F1A895F32005DE731 /* Sources */,
				554877901A895F32005DE731 /* Frameworks */,
				554877911A895F32005DE731 /* Resources */,
			);
			buildRules = (
			);
			dependencies = (
				554877951A895F32005DE731 /* PBXTargetDependency */,
			);
			name = hotel_fellowsTests;
			productName = hotel_fellowsTests;
			productReference = 554877931A895F32005DE731 /* hotel_fellowsTests.xctest */;
			productType = "com.apple.product-type.bundle.unit-test";
		};
/* End PBXNativeTarget section */

/* Begin PBXProject section */
		5548776F1A895F32005DE731 /* Project object */ = {
			isa = PBXProject;
			attributes = {
				LastUpgradeCheck = 0610;
				ORGANIZATIONNAME = nacnud;
				TargetAttributes = {
					554877761A895F32005DE731 = {
						CreatedOnToolsVersion = 6.1.1;
					};
					554877921A895F32005DE731 = {
						CreatedOnToolsVersion = 6.1.1;
						TestTargetID = 554877761A895F32005DE731;
					};
				};
			};
			buildConfigurationList = 554877721A895F32005DE731 /* Build configuration list for PBXProject "hotel_fellows" */;
			compatibilityVersion = "Xcode 3.2";
			developmentRegion = English;
			hasScannedForEncodings = 0;
			knownRegions = (
				en,
				Base,
			);
			mainGroup = 5548776E1A895F32005DE731;
			productRefGroup = 554877781A895F32005DE731 /* Products */;
			projectDirPath = "";
			projectRoot = "";
			targets = (
				554877761A895F32005DE731 /* hotel_fellows */,
				554877921A895F32005DE731 /* hotel_fellowsTests */,
			);
		};
/* End PBXProject section */

/* Begin PBXResourcesBuildPhase section */
		554877751A895F32005DE731 /* Resources */ = {
			isa = PBXResourcesBuildPhase;
			buildActionMask = 2147483647;
			files = (
				559198051A917F74007F463A /* CoreDataStack in Resources */,
				554877891A895F32005DE731 /* Main.storyboard in Resources */,
				5548778E1A895F32005DE731 /* LaunchScreen.xib in Resources */,
				554877B31A896BC0005DE731 /* seed.json in Resources */,
				5548778B1A895F32005DE731 /* Images.xcassets in Resources */,
			);
			runOnlyForDeploymentPostprocessing = 0;
		};
		554877911A895F32005DE731 /* Resources */ = {
			isa = PBXResourcesBuildPhase;
			buildActionMask = 2147483647;
			files = (
			);
			runOnlyForDeploymentPostprocessing = 0;
		};
/* End PBXResourcesBuildPhase section */

/* Begin PBXSourcesBuildPhase section */
		554877731A895F32005DE731 /* Sources */ = {
			isa = PBXSourcesBuildPhase;
			buildActionMask = 2147483647;
			files = (
				554877A81A8965F8005DE731 /* Hotel.m in Sources */,
				554877A51A8965F8005DE731 /* Room.m in Sources */,
				554877AE1A8965F8005DE731 /* Reservation.m in Sources */,
				554877BC1A897D9F005DE731 /* RoomListViewController.m in Sources */,
				554877AB1A8965F8005DE731 /* Guest.m in Sources */,
				554877B61A896C63005DE731 /* MenuTableViewController.m in Sources */,
				554877801A895F32005DE731 /* AppDelegate.m in Sources */,
				55D19DD81A8C7E5400FCE30A /* HotelService.m in Sources */,
				55D19DCC1A8C42DB00FCE30A /* ReservationListViewController.m in Sources */,
				5548777D1A895F32005DE731 /* main.m in Sources */,
				55D19DD51A8C5ED600FCE30A /* CoreDataStack.m in Sources */,
				55D19DCF1A8C42EB00FCE30A /* MakeReservationViewController.m in Sources */,
				554877831A895F32005DE731 /* hotel_fellows.xcdatamodeld in Sources */,
				55D19DD21A8C42F800FCE30A /* CheckAvailableViewController.m in Sources */,
				554877B11A896B00005DE731 /* HotelListViewController.m in Sources */,
			);
			runOnlyForDeploymentPostprocessing = 0;
		};
		5548778F1A895F32005DE731 /* Sources */ = {
			isa = PBXSourcesBuildPhase;
			buildActionMask = 2147483647;
			files = (
				5548779A1A895F33005DE731 /* hotel_fellowsTests.m in Sources */,
			);
			runOnlyForDeploymentPostprocessing = 0;
		};
/* End PBXSourcesBuildPhase section */

/* Begin PBXTargetDependency section */
		554877951A895F32005DE731 /* PBXTargetDependency */ = {
			isa = PBXTargetDependency;
			target = 554877761A895F32005DE731 /* hotel_fellows */;
			targetProxy = 554877941A895F32005DE731 /* PBXContainerItemProxy */;
		};
/* End PBXTargetDependency section */

/* Begin PBXVariantGroup section */
		554877871A895F32005DE731 /* Main.storyboard */ = {
			isa = PBXVariantGroup;
			children = (
				554877881A895F32005DE731 /* Base */,
			);
			name = Main.storyboard;
			sourceTree = "<group>";
		};
		5548778C1A895F32005DE731 /* LaunchScreen.xib */ = {
			isa = PBXVariantGroup;
			children = (
				5548778D1A895F32005DE731 /* Base */,
			);
			name = LaunchScreen.xib;
			sourceTree = "<group>";
		};
/* End PBXVariantGroup section */

/* Begin XCBuildConfiguration section */
		5548779B1A895F33005DE731 /* Debug */ = {
			isa = XCBuildConfiguration;
			buildSettings = {
				ALWAYS_SEARCH_USER_PATHS = NO;
				CLANG_CXX_LANGUAGE_STANDARD = "gnu++0x";
				CLANG_CXX_LIBRARY = "libc++";
				CLANG_ENABLE_MODULES = YES;
				CLANG_ENABLE_OBJC_ARC = YES;
				CLANG_WARN_BOOL_CONVERSION = YES;
				CLANG_WARN_CONSTANT_CONVERSION = YES;
				CLANG_WARN_DIRECT_OBJC_ISA_USAGE = YES_ERROR;
				CLANG_WARN_EMPTY_BODY = YES;
				CLANG_WARN_ENUM_CONVERSION = YES;
				CLANG_WARN_INT_CONVERSION = YES;
				CLANG_WARN_OBJC_ROOT_CLASS = YES_ERROR;
				CLANG_WARN_UNREACHABLE_CODE = YES;
				CLANG_WARN__DUPLICATE_METHOD_MATCH = YES;
				"CODE_SIGN_IDENTITY[sdk=iphoneos*]" = "iPhone Developer";
				COPY_PHASE_STRIP = NO;
				ENABLE_STRICT_OBJC_MSGSEND = YES;
				GCC_C_LANGUAGE_STANDARD = gnu99;
				GCC_DYNAMIC_NO_PIC = NO;
				GCC_OPTIMIZATION_LEVEL = 0;
				GCC_PREPROCESSOR_DEFINITIONS = (
					"DEBUG=1",
					"$(inherited)",
				);
				GCC_SYMBOLS_PRIVATE_EXTERN = NO;
				GCC_WARN_64_TO_32_BIT_CONVERSION = YES;
				GCC_WARN_ABOUT_RETURN_TYPE = YES_ERROR;
				GCC_WARN_UNDECLARED_SELECTOR = YES;
				GCC_WARN_UNINITIALIZED_AUTOS = YES_AGGRESSIVE;
				GCC_WARN_UNUSED_FUNCTION = YES;
				GCC_WARN_UNUSED_VARIABLE = YES;
				IPHONEOS_DEPLOYMENT_TARGET = 8.1;
				MTL_ENABLE_DEBUG_INFO = YES;
				ONLY_ACTIVE_ARCH = YES;
				SDKROOT = iphoneos;
				TARGETED_DEVICE_FAMILY = "1,2";
			};
			name = Debug;
		};
		5548779C1A895F33005DE731 /* Release */ = {
			isa = XCBuildConfiguration;
			buildSettings = {
				ALWAYS_SEARCH_USER_PATHS = NO;
				CLANG_CXX_LANGUAGE_STANDARD = "gnu++0x";
				CLANG_CXX_LIBRARY = "libc++";
				CLANG_ENABLE_MODULES = YES;
				CLANG_ENABLE_OBJC_ARC = YES;
				CLANG_WARN_BOOL_CONVERSION = YES;
				CLANG_WARN_CONSTANT_CONVERSION = YES;
				CLANG_WARN_DIRECT_OBJC_ISA_USAGE = YES_ERROR;
				CLANG_WARN_EMPTY_BODY = YES;
				CLANG_WARN_ENUM_CONVERSION = YES;
				CLANG_WARN_INT_CONVERSION = YES;
				CLANG_WARN_OBJC_ROOT_CLASS = YES_ERROR;
				CLANG_WARN_UNREACHABLE_CODE = YES;
				CLANG_WARN__DUPLICATE_METHOD_MATCH = YES;
				"CODE_SIGN_IDENTITY[sdk=iphoneos*]" = "iPhone Developer";
				COPY_PHASE_STRIP = YES;
				ENABLE_NS_ASSERTIONS = NO;
				ENABLE_STRICT_OBJC_MSGSEND = YES;
				GCC_C_LANGUAGE_STANDARD = gnu99;
				GCC_WARN_64_TO_32_BIT_CONVERSION = YES;
				GCC_WARN_ABOUT_RETURN_TYPE = YES_ERROR;
				GCC_WARN_UNDECLARED_SELECTOR = YES;
				GCC_WARN_UNINITIALIZED_AUTOS = YES_AGGRESSIVE;
				GCC_WARN_UNUSED_FUNCTION = YES;
				GCC_WARN_UNUSED_VARIABLE = YES;
				IPHONEOS_DEPLOYMENT_TARGET = 8.1;
				MTL_ENABLE_DEBUG_INFO = NO;
				SDKROOT = iphoneos;
				TARGETED_DEVICE_FAMILY = "1,2";
				VALIDATE_PRODUCT = YES;
			};
			name = Release;
		};
		5548779E1A895F33005DE731 /* Debug */ = {
			isa = XCBuildConfiguration;
			buildSettings = {
				ASSETCATALOG_COMPILER_APPICON_NAME = AppIcon;
				INFOPLIST_FILE = hotel_fellows/Info.plist;
				LD_RUNPATH_SEARCH_PATHS = "$(inherited) @executable_path/Frameworks";
				PRODUCT_NAME = "$(TARGET_NAME)";
			};
			name = Debug;
		};
		5548779F1A895F33005DE731 /* Release */ = {
			isa = XCBuildConfiguration;
			buildSettings = {
				ASSETCATALOG_COMPILER_APPICON_NAME = AppIcon;
				INFOPLIST_FILE = hotel_fellows/Info.plist;
				LD_RUNPATH_SEARCH_PATHS = "$(inherited) @executable_path/Frameworks";
				PRODUCT_NAME = "$(TARGET_NAME)";
			};
			name = Release;
		};
		554877A11A895F33005DE731 /* Debug */ = {
			isa = XCBuildConfiguration;
			buildSettings = {
				BUNDLE_LOADER = "$(TEST_HOST)";
				FRAMEWORK_SEARCH_PATHS = (
					"$(SDKROOT)/Developer/Library/Frameworks",
					"$(inherited)",
				);
				GCC_PREPROCESSOR_DEFINITIONS = (
					"DEBUG=1",
					"$(inherited)",
				);
				INFOPLIST_FILE = hotel_fellowsTests/Info.plist;
				LD_RUNPATH_SEARCH_PATHS = "$(inherited) @executable_path/Frameworks @loader_path/Frameworks";
				PRODUCT_NAME = "$(TARGET_NAME)";
				TEST_HOST = "$(BUILT_PRODUCTS_DIR)/hotel_fellows.app/hotel_fellows";
			};
			name = Debug;
		};
		554877A21A895F33005DE731 /* Release */ = {
			isa = XCBuildConfiguration;
			buildSettings = {
				BUNDLE_LOADER = "$(TEST_HOST)";
				FRAMEWORK_SEARCH_PATHS = (
					"$(SDKROOT)/Developer/Library/Frameworks",
					"$(inherited)",
				);
				INFOPLIST_FILE = hotel_fellowsTests/Info.plist;
				LD_RUNPATH_SEARCH_PATHS = "$(inherited) @executable_path/Frameworks @loader_path/Frameworks";
				PRODUCT_NAME = "$(TARGET_NAME)";
				TEST_HOST = "$(BUILT_PRODUCTS_DIR)/hotel_fellows.app/hotel_fellows";
			};
			name = Release;
		};
/* End XCBuildConfiguration section */

/* Begin XCConfigurationList section */
		554877721A895F32005DE731 /* Build configuration list for PBXProject "hotel_fellows" */ = {
			isa = XCConfigurationList;
			buildConfigurations = (
				5548779B1A895F33005DE731 /* Debug */,
				5548779C1A895F33005DE731 /* Release */,
			);
			defaultConfigurationIsVisible = 0;
			defaultConfigurationName = Release;
		};
		5548779D1A895F33005DE731 /* Build configuration list for PBXNativeTarget "hotel_fellows" */ = {
			isa = XCConfigurationList;
			buildConfigurations = (
				5548779E1A895F33005DE731 /* Debug */,
				5548779F1A895F33005DE731 /* Release */,
			);
			defaultConfigurationIsVisible = 0;
			defaultConfigurationName = Release;
		};
		554877A01A895F33005DE731 /* Build configuration list for PBXNativeTarget "hotel_fellowsTests" */ = {
			isa = XCConfigurationList;
			buildConfigurations = (
				554877A11A895F33005DE731 /* Debug */,
				554877A21A895F33005DE731 /* Release */,
			);
			defaultConfigurationIsVisible = 0;
			defaultConfigurationName = Release;
		};
/* End XCConfigurationList section */

/* Begin XCVersionGroup section */
		554877811A895F32005DE731 /* hotel_fellows.xcdatamodeld */ = {
			isa = XCVersionGroup;
			children = (
				554877821A895F32005DE731 /* hotel_fellows.xcdatamodel */,
			);
			currentVersion = 554877821A895F32005DE731 /* hotel_fellows.xcdatamodel */;
			path = hotel_fellows.xcdatamodeld;
			sourceTree = "<group>";
			versionGroupType = wrapper.xcdatamodel;
		};
/* End XCVersionGroup section */
	};
	rootObject = 5548776F1A895F32005DE731 /* Project object */;
}
